
Microsoft Visual Studio Solution File, Format Version 12.00
# Visual Studio Version 17
VisualStudioVersion = 17.8.34525.116
MinimumVisualStudioVersion = 10.0.40219.1
Project("{FAE04EC0-301F-11D3-BF4B-00C04F79EFBC}") = "ClipboardService", "ClipboardService\ClipboardService.csproj", "{81C2B97E-0137-45B2-811D-52466FD9432E}"
EndProject
Global
	GlobalSection(SolutionConfigurationPlatforms) = preSolution
		Debug|Any CPU = Debug|Any CPU
		Release|Any CPU = Release|Any CPU
	EndGlobalSection
	GlobalSection(ProjectConfigurationPlatforms) = postSolution
		{81C2B97E-0137-45B2-811D-52466FD9432E}.Debug|Any CPU.ActiveCfg = Debug|Any CPU
		{81C2B97E-0137-45B2-811D-52466FD9432E}.Debug|Any CPU.Build.0 = Debug|Any CPU
		{81C2B97E-0137-45B2-811D-52466FD9432E}.Release|Any CPU.ActiveCfg = Release|Any CPU
		{81C2B97E-0137-45B2-811D-52466FD9432E}.Release|Any CPU.Build.0 = Release|Any CPU
	EndGlobalSection
	GlobalSection(SolutionProperties) = preSolution
		HideSolutionNode = FALSE
	EndGlobalSection
	GlobalSection(ExtensibilityGlobals) = postSolution
		SolutionGuid = {30F759DD-22BA-4A2C-8EFD-48619368DD2E}
	EndGlobalSection
EndGlobal
